
Microsoft Visual Studio Solution File, Format Version 12.00
# Visual Studio 15
VisualStudioVersion = 15.0.27703.2026
MinimumVisualStudioVersion = 10.0.40219.1
Project("{FAE04EC0-301F-11D3-BF4B-00C04F79EFBC}") = "Shiftgram.Core", "Shiftgram.Core\Shiftgram.Core.csproj", "{1C817974-E844-4628-8562-E02CE63BCC60}"
EndProject
Project("{FAE04EC0-301F-11D3-BF4B-00C04F79EFBC}") = "Shiftgram.AccountServer", "Shiftgram.AccountServer\Shiftgram.AccountServer.csproj", "{3454108F-D076-4BF3-9ECC-467EF47B254C}"
EndProject
Project("{FAE04EC0-301F-11D3-BF4B-00C04F79EFBC}") = "Shiftgram.Tests", "Shiftgram.Tests\Shiftgram.Tests.csproj", "{20774BF9-89FF-4D04-9C4B-FF75B8C0B364}"
EndProject
Global
	GlobalSection(SolutionConfigurationPlatforms) = preSolution
		Debug|Any CPU = Debug|Any CPU
		Release|Any CPU = Release|Any CPU
	EndGlobalSection
	GlobalSection(ProjectConfigurationPlatforms) = postSolution
		{1C817974-E844-4628-8562-E02CE63BCC60}.Debug|Any CPU.ActiveCfg = Debug|Any CPU
		{1C817974-E844-4628-8562-E02CE63BCC60}.Debug|Any CPU.Build.0 = Debug|Any CPU
		{1C817974-E844-4628-8562-E02CE63BCC60}.Release|Any CPU.ActiveCfg = Release|Any CPU
		{1C817974-E844-4628-8562-E02CE63BCC60}.Release|Any CPU.Build.0 = Release|Any CPU
		{3454108F-D076-4BF3-9ECC-467EF47B254C}.Debug|Any CPU.ActiveCfg = Debug|Any CPU
		{3454108F-D076-4BF3-9ECC-467EF47B254C}.Debug|Any CPU.Build.0 = Debug|Any CPU
		{3454108F-D076-4BF3-9ECC-467EF47B254C}.Release|Any CPU.ActiveCfg = Release|Any CPU
		{3454108F-D076-4BF3-9ECC-467EF47B254C}.Release|Any CPU.Build.0 = Release|Any CPU
		{20774BF9-89FF-4D04-9C4B-FF75B8C0B364}.Debug|Any CPU.ActiveCfg = Debug|Any CPU
		{20774BF9-89FF-4D04-9C4B-FF75B8C0B364}.Debug|Any CPU.Build.0 = Debug|Any CPU
		{20774BF9-89FF-4D04-9C4B-FF75B8C0B364}.Release|Any CPU.ActiveCfg = Release|Any CPU
		{20774BF9-89FF-4D04-9C4B-FF75B8C0B364}.Release|Any CPU.Build.0 = Release|Any CPU
	EndGlobalSection
	GlobalSection(SolutionProperties) = preSolution
		HideSolutionNode = FALSE
	EndGlobalSection
	GlobalSection(ExtensibilityGlobals) = postSolution
		SolutionGuid = {89863F11-BEF4-4938-8784-FD7093581D48}
	EndGlobalSection
EndGlobal
